
Microsoft Visual Studio Solution File, Format Version 12.00
# Visual Studio Version 17
VisualStudioVersion = 17.14.36017.23 d17.14
MinimumVisualStudioVersion = 10.0.40219.1
Project("{D2ABAB84-BF74-430A-B69E-9DC6D40DDA17}") = "sales_sol_cubes", "sales_sol_cubes\sales_sol_cubes.dwproj", "{119DF650-4B18-4EFD-C0FC-98CBAF3E8604}"
EndProject
Global
	GlobalSection(SolutionConfigurationPlatforms) = preSolution
		Development|Default = Development|Default
	EndGlobalSection
	GlobalSection(ProjectConfigurationPlatforms) = postSolution
		{119DF650-4B18-4EFD-C0FC-98CBAF3E8604}.Development|Default.ActiveCfg = Development
		{119DF650-4B18-4EFD-C0FC-98CBAF3E8604}.Development|Default.Build.0 = Development
		{119DF650-4B18-4EFD-C0FC-98CBAF3E8604}.Development|Default.Deploy.0 = Development
	EndGlobalSection
	GlobalSection(SolutionProperties) = preSolution
		HideSolutionNode = FALSE
	EndGlobalSection
	GlobalSection(ExtensibilityGlobals) = postSolution
		SolutionGuid = {DB416260-3216-41C7-85C1-1B511EADF39B}
	EndGlobalSection
EndGlobal
